
Microsoft Visual Studio Solution File, Format Version 12.00
# Visual Studio Version 16
VisualStudioVersion = 16.0.31702.278
MinimumVisualStudioVersion = 10.0.40219.1
Project("{F184B08F-C81C-45F6-A57F-5ABD9991F28F}") = "Practice12", "Practice12\Practice12.vbproj", "{66828F60-9E84-4842-871C-1CA7655C133E}"
EndProject
Global
	GlobalSection(SolutionConfigurationPlatforms) = preSolution
		Debug|Any CPU = Debug|Any CPU
		Release|Any CPU = Release|Any CPU
	EndGlobalSection
	GlobalSection(ProjectConfigurationPlatforms) = postSolution
		{66828F60-9E84-4842-871C-1CA7655C133E}.Debug|Any CPU.ActiveCfg = Debug|Any CPU
		{66828F60-9E84-4842-871C-1CA7655C133E}.Debug|Any CPU.Build.0 = Debug|Any CPU
		{66828F60-9E84-4842-871C-1CA7655C133E}.Release|Any CPU.ActiveCfg = Release|Any CPU
		{66828F60-9E84-4842-871C-1CA7655C133E}.Release|Any CPU.Build.0 = Release|Any CPU
	EndGlobalSection
	GlobalSection(SolutionProperties) = preSolution
		HideSolutionNode = FALSE
	EndGlobalSection
	GlobalSection(ExtensibilityGlobals) = postSolution
		SolutionGuid = {6C4BB61E-B6C5-4FEC-9E34-4EE1D5260EA8}
	EndGlobalSection
EndGlobal
