
Microsoft Visual Studio Solution File, Format Version 12.00
# Visual Studio Version 16
VisualStudioVersion = 16.0.31702.278
MinimumVisualStudioVersion = 10.0.40219.1
Project("{F184B08F-C81C-45F6-A57F-5ABD9991F28F}") = "Sample3-3", "Sample3-3\Sample3-3.vbproj", "{C70502CC-8112-4319-831A-81A6C2CC5E7A}"
EndProject
Global
	GlobalSection(SolutionConfigurationPlatforms) = preSolution
		Debug|Any CPU = Debug|Any CPU
		Release|Any CPU = Release|Any CPU
	EndGlobalSection
	GlobalSection(ProjectConfigurationPlatforms) = postSolution
		{C70502CC-8112-4319-831A-81A6C2CC5E7A}.Debug|Any CPU.ActiveCfg = Debug|Any CPU
		{C70502CC-8112-4319-831A-81A6C2CC5E7A}.Debug|Any CPU.Build.0 = Debug|Any CPU
		{C70502CC-8112-4319-831A-81A6C2CC5E7A}.Release|Any CPU.ActiveCfg = Release|Any CPU
		{C70502CC-8112-4319-831A-81A6C2CC5E7A}.Release|Any CPU.Build.0 = Release|Any CPU
	EndGlobalSection
	GlobalSection(SolutionProperties) = preSolution
		HideSolutionNode = FALSE
	EndGlobalSection
	GlobalSection(ExtensibilityGlobals) = postSolution
		SolutionGuid = {9EAC502E-68FA-466C-A216-02B29FE6C01B}
	EndGlobalSection
EndGlobal
