
Microsoft Visual Studio Solution File, Format Version 12.00
# Visual Studio Version 16
VisualStudioVersion = 16.0.31702.278
MinimumVisualStudioVersion = 10.0.40219.1
Project("{F184B08F-C81C-45F6-A57F-5ABD9991F28F}") = "Practice08", "Practice08\Practice08.vbproj", "{A8734996-5ABD-4F42-8935-834D7BF8B302}"
EndProject
Global
	GlobalSection(SolutionConfigurationPlatforms) = preSolution
		Debug|Any CPU = Debug|Any CPU
		Release|Any CPU = Release|Any CPU
	EndGlobalSection
	GlobalSection(ProjectConfigurationPlatforms) = postSolution
		{A8734996-5ABD-4F42-8935-834D7BF8B302}.Debug|Any CPU.ActiveCfg = Debug|Any CPU
		{A8734996-5ABD-4F42-8935-834D7BF8B302}.Debug|Any CPU.Build.0 = Debug|Any CPU
		{A8734996-5ABD-4F42-8935-834D7BF8B302}.Release|Any CPU.ActiveCfg = Release|Any CPU
		{A8734996-5ABD-4F42-8935-834D7BF8B302}.Release|Any CPU.Build.0 = Release|Any CPU
	EndGlobalSection
	GlobalSection(SolutionProperties) = preSolution
		HideSolutionNode = FALSE
	EndGlobalSection
	GlobalSection(ExtensibilityGlobals) = postSolution
		SolutionGuid = {BC46314C-576D-431C-81BD-043E3C1D4D5A}
	EndGlobalSection
EndGlobal
