
Microsoft Visual Studio Solution File, Format Version 12.00
# Visual Studio Version 16
VisualStudioVersion = 16.0.31702.278
MinimumVisualStudioVersion = 10.0.40219.1
Project("{F184B08F-C81C-45F6-A57F-5ABD9991F28F}") = "Sample6-2", "Sample6-2\Sample6-2.vbproj", "{737CEE26-61C9-45F3-8427-433000441C44}"
EndProject
Global
	GlobalSection(SolutionConfigurationPlatforms) = preSolution
		Debug|Any CPU = Debug|Any CPU
		Release|Any CPU = Release|Any CPU
	EndGlobalSection
	GlobalSection(ProjectConfigurationPlatforms) = postSolution
		{737CEE26-61C9-45F3-8427-433000441C44}.Debug|Any CPU.ActiveCfg = Debug|Any CPU
		{737CEE26-61C9-45F3-8427-433000441C44}.Debug|Any CPU.Build.0 = Debug|Any CPU
		{737CEE26-61C9-45F3-8427-433000441C44}.Release|Any CPU.ActiveCfg = Release|Any CPU
		{737CEE26-61C9-45F3-8427-433000441C44}.Release|Any CPU.Build.0 = Release|Any CPU
	EndGlobalSection
	GlobalSection(SolutionProperties) = preSolution
		HideSolutionNode = FALSE
	EndGlobalSection
	GlobalSection(ExtensibilityGlobals) = postSolution
		SolutionGuid = {E57493C2-160F-4FA9-B95C-C804B94888BB}
	EndGlobalSection
EndGlobal
